<?xml version="1.0" encoding="utf-8"?>
<Project ToolsVersion="4.0" xmlns="http://schemas.microsoft.com/developer/msbuild/2003">
  <ItemGroup>
    <Filter Include="Header Files">
      <UniqueIdentifier>{a20981e2-d0de-4f8c-88d3-fbbc5e7a910b}</UniqueIdentifier>
    </Filter>
    <Filter Include="Source Files">
      <UniqueIdentifier>{11445f8f-a9f7-4a7a-a1bf-6517f4852f99}</UniqueIdentifier>
    </Filter>
    <Filter Include="Resource Files">
      <UniqueIdentifier>{ff36c956-d51c-4c0e-81d9-d2506a70593c}</UniqueIdentifier>
    </Filter>
    <Filter Include="Header Files\SceneManager">
      <UniqueIdentifier>{05d87d94-b860-4e01-95bd-cb5e48561c48}</UniqueIdentifier>
    </Filter>
    <Filter Include="Header Files\SceneManager\Scenes">
      <UniqueIdentifier>{42e21d61-4907-4008-88eb-66485cbd940f}</UniqueIdentifier>
    </Filter>
    <Filter Include="Source Files\Scenes">
      <UniqueIdentifier>{f4bcbf63-09c6-4823-950b-9c3c4150c710}</UniqueIdentifier>
    </Filter>
  </ItemGroup>
  <ItemGroup>
    <ClInclude Include="GameplayScene.h">
      <Filter>Header Files\SceneManager\Scenes</Filter>
    </ClInclude>
    <ClInclude Include="BaseScene.h">
      <Filter>Header Files\SceneManager</Filter>
    </ClInclude>
    <ClInclude Include="SceneManager.h">
      <Filter>Header Files\SceneManager</Filter>
    </ClInclude>
    <ClInclude Include="Bubble.h">
      <Filter>Header Files</Filter>
    </ClInclude>
    <ClInclude Include="Game.h">
      <Filter>Header Files</Filter>
    </ClInclude>
    <ClInclude Include="Globals.h">
      <Filter>Header Files</Filter>
    </ClInclude>
  </ItemGroup>
  <ItemGroup>
    <ClCompile Include="Bubble.cpp">
      <Filter>Source Files</Filter>
    </ClCompile>
    <ClCompile Include="Game.cpp">
      <Filter>Source Files</Filter>
    </ClCompile>
    <ClCompile Include="main.cpp">
      <Filter>Source Files</Filter>
    </ClCompile>
    <ClCompile Include="GameplayScene.cpp">
      <Filter>Source Files\Scenes</Filter>
    </ClCompile>
  </ItemGroup>
</Project>